
Microsoft Visual Studio Solution File, Format Version 11.00
# Visual C# Express 2010
Project("{FAE04EC0-301F-11D3-BF4B-00C04F79EFBC}") = "PlanCheckerGroup", "MyFirstApp\PlanCheckerGroup.csproj", "{E1339077-DDEC-4E56-A9E9-9B1F717A0755}"
EndProject
Project("{FAE04EC0-301F-11D3-BF4B-00C04F79EFBC}") = "PlanChecker", "MyFirstScript\PlanChecker.csproj", "{DC057220-B078-4470-BC87-8A7B9B6DEBD4}"
EndProject
Global
	GlobalSection(SolutionConfigurationPlatforms) = preSolution
		Debug|Any CPU = Debug|Any CPU
		Debug|Mixed Platforms = Debug|Mixed Platforms
		Debug|x64 = Debug|x64
		Debug|x86 = Debug|x86
		Release|Any CPU = Release|Any CPU
		Release|Mixed Platforms = Release|Mixed Platforms
		Release|x64 = Release|x64
		Release|x86 = Release|x86
	EndGlobalSection
	GlobalSection(ProjectConfigurationPlatforms) = postSolution
		{E1339077-DDEC-4E56-A9E9-9B1F717A0755}.Debug|Any CPU.ActiveCfg = Debug|x64
		{E1339077-DDEC-4E56-A9E9-9B1F717A0755}.Debug|Mixed Platforms.ActiveCfg = Debug|x64
		{E1339077-DDEC-4E56-A9E9-9B1F717A0755}.Debug|Mixed Platforms.Build.0 = Debug|x64
		{E1339077-DDEC-4E56-A9E9-9B1F717A0755}.Debug|x64.ActiveCfg = Debug|x64
		{E1339077-DDEC-4E56-A9E9-9B1F717A0755}.Debug|x64.Build.0 = Debug|x64
		{E1339077-DDEC-4E56-A9E9-9B1F717A0755}.Debug|x86.ActiveCfg = Debug|x86
		{E1339077-DDEC-4E56-A9E9-9B1F717A0755}.Debug|x86.Build.0 = Debug|x86
		{E1339077-DDEC-4E56-A9E9-9B1F717A0755}.Release|Any CPU.ActiveCfg = Release|x64
		{E1339077-DDEC-4E56-A9E9-9B1F717A0755}.Release|Mixed Platforms.ActiveCfg = Release|x64
		{E1339077-DDEC-4E56-A9E9-9B1F717A0755}.Release|Mixed Platforms.Build.0 = Release|x64
		{E1339077-DDEC-4E56-A9E9-9B1F717A0755}.Release|x64.ActiveCfg = Release|x64
		{E1339077-DDEC-4E56-A9E9-9B1F717A0755}.Release|x64.Build.0 = Release|x64
		{E1339077-DDEC-4E56-A9E9-9B1F717A0755}.Release|x86.ActiveCfg = Release|x86
		{E1339077-DDEC-4E56-A9E9-9B1F717A0755}.Release|x86.Build.0 = Release|x86
		{DC057220-B078-4470-BC87-8A7B9B6DEBD4}.Debug|Any CPU.ActiveCfg = Debug|Any CPU
		{DC057220-B078-4470-BC87-8A7B9B6DEBD4}.Debug|Any CPU.Build.0 = Debug|Any CPU
		{DC057220-B078-4470-BC87-8A7B9B6DEBD4}.Debug|Mixed Platforms.ActiveCfg = Debug|Any CPU
		{DC057220-B078-4470-BC87-8A7B9B6DEBD4}.Debug|Mixed Platforms.Build.0 = Debug|Any CPU
		{DC057220-B078-4470-BC87-8A7B9B6DEBD4}.Debug|x64.ActiveCfg = Debug|x64
		{DC057220-B078-4470-BC87-8A7B9B6DEBD4}.Debug|x64.Build.0 = Debug|x64
		{DC057220-B078-4470-BC87-8A7B9B6DEBD4}.Debug|x86.ActiveCfg = Debug|Any CPU
		{DC057220-B078-4470-BC87-8A7B9B6DEBD4}.Release|Any CPU.ActiveCfg = Release|Any CPU
		{DC057220-B078-4470-BC87-8A7B9B6DEBD4}.Release|Any CPU.Build.0 = Release|Any CPU
		{DC057220-B078-4470-BC87-8A7B9B6DEBD4}.Release|Mixed Platforms.ActiveCfg = Release|Any CPU
		{DC057220-B078-4470-BC87-8A7B9B6DEBD4}.Release|Mixed Platforms.Build.0 = Release|Any CPU
		{DC057220-B078-4470-BC87-8A7B9B6DEBD4}.Release|x64.ActiveCfg = Release|Any CPU
		{DC057220-B078-4470-BC87-8A7B9B6DEBD4}.Release|x86.ActiveCfg = Release|Any CPU
	EndGlobalSection
	GlobalSection(SolutionProperties) = preSolution
		HideSolutionNode = FALSE
	EndGlobalSection
EndGlobal
